
Microsoft Visual Studio Solution File, Format Version 12.00
# Visual Studio Version 17
VisualStudioVersion = 17.7.34024.191
MinimumVisualStudioVersion = 10.0.40219.1
Project("{9A19103F-16F7-4668-BE54-9A1E7A4F7556}") = "DigiQuiz.WebAPI", "DigiQuiz.WebAPI\DigiQuiz.WebAPI.csproj", "{42DF59F2-9E62-412B-A2AB-22788B9751D5}"
EndProject
Project("{9A19103F-16F7-4668-BE54-9A1E7A4F7556}") = "DigiQuiz.Application", "DigiQuiz.Application\DigiQuiz.Application.csproj", "{E825F4B5-D58B-4F3C-8159-A9B2B2FF3A4F}"
EndProject
Project("{9A19103F-16F7-4668-BE54-9A1E7A4F7556}") = "DigiQuiz.Domain", "DigiQuiz.Domain\DigiQuiz.Domain.csproj", "{C563D029-DE4A-462D-8967-70FC9B15F481}"
EndProject
Project("{9A19103F-16F7-4668-BE54-9A1E7A4F7556}") = "DigiQuiz.Infrastructure", "DigiQuiz.Infrastructure\DigiQuiz.Infrastructure.csproj", "{9997F1FA-0D4E-43F0-988D-FF6383D80C1D}"
EndProject
Global
	GlobalSection(SolutionConfigurationPlatforms) = preSolution
		Debug|Any CPU = Debug|Any CPU
		Release|Any CPU = Release|Any CPU
	EndGlobalSection
	GlobalSection(ProjectConfigurationPlatforms) = postSolution
		{42DF59F2-9E62-412B-A2AB-22788B9751D5}.Debug|Any CPU.ActiveCfg = Debug|Any CPU
		{42DF59F2-9E62-412B-A2AB-22788B9751D5}.Debug|Any CPU.Build.0 = Debug|Any CPU
		{42DF59F2-9E62-412B-A2AB-22788B9751D5}.Release|Any CPU.ActiveCfg = Release|Any CPU
		{42DF59F2-9E62-412B-A2AB-22788B9751D5}.Release|Any CPU.Build.0 = Release|Any CPU
		{E825F4B5-D58B-4F3C-8159-A9B2B2FF3A4F}.Debug|Any CPU.ActiveCfg = Debug|Any CPU
		{E825F4B5-D58B-4F3C-8159-A9B2B2FF3A4F}.Debug|Any CPU.Build.0 = Debug|Any CPU
		{E825F4B5-D58B-4F3C-8159-A9B2B2FF3A4F}.Release|Any CPU.ActiveCfg = Release|Any CPU
		{E825F4B5-D58B-4F3C-8159-A9B2B2FF3A4F}.Release|Any CPU.Build.0 = Release|Any CPU
		{C563D029-DE4A-462D-8967-70FC9B15F481}.Debug|Any CPU.ActiveCfg = Debug|Any CPU
		{C563D029-DE4A-462D-8967-70FC9B15F481}.Debug|Any CPU.Build.0 = Debug|Any CPU
		{C563D029-DE4A-462D-8967-70FC9B15F481}.Release|Any CPU.ActiveCfg = Release|Any CPU
		{C563D029-DE4A-462D-8967-70FC9B15F481}.Release|Any CPU.Build.0 = Release|Any CPU
		{9997F1FA-0D4E-43F0-988D-FF6383D80C1D}.Debug|Any CPU.ActiveCfg = Debug|Any CPU
		{9997F1FA-0D4E-43F0-988D-FF6383D80C1D}.Debug|Any CPU.Build.0 = Debug|Any CPU
		{9997F1FA-0D4E-43F0-988D-FF6383D80C1D}.Release|Any CPU.ActiveCfg = Release|Any CPU
		{9997F1FA-0D4E-43F0-988D-FF6383D80C1D}.Release|Any CPU.Build.0 = Release|Any CPU
	EndGlobalSection
	GlobalSection(SolutionProperties) = preSolution
		HideSolutionNode = FALSE
	EndGlobalSection
	GlobalSection(ExtensibilityGlobals) = postSolution
		SolutionGuid = {1BEA2C2F-70F5-400A-BB91-99716AB8BB00}
	EndGlobalSection
EndGlobal
